PODS:
  - AFNetworking (3.2.1):
    - AFNetworking/NSURLSession (= 3.2.1)
    - AFNetworking/Reachability (= 3.2.1)
    - AFNetworking/Security (= 3.2.1)
    - AFNetworking/Serialization (= 3.2.1)
    - AFNetworking/UIKit (= 3.2.1)
  - AFNetworking/NSURLSession (3.2.1):
    - AFNetworking/Reachability
    - AFNetworking/Security
    - AFNetworking/Serialization
  - AFNetworking/Reachability (3.2.1)
  - AFNetworking/Security (3.2.1)
  - AFNetworking/Serialization (3.2.1)
  - AFNetworking/UIKit (3.2.1):
    - AFNetworking/NSURLSession
  - RCUtility (0.0.1)
  - SDWebImage (5.5.0):
    - SDWebImage/Core (= 5.5.0)
  - SDWebImage/Core (5.5.0)

DEPENDENCIES:
  - AFNetworking (~> 3.2.1)
  - RCUtility (~> 0.0.1)
  - SDWebImage (~> 5.5.0)

SPEC REPOS:
  https://github.com/cocoapods/specs.git:
    - AFNetworking
    - RCUtility
    - SDWebImage

SPEC CHECKSUMS:
  AFNetworking: b6f891fdfaed196b46c7a83cf209e09697b94057
  RCUtility: 668b0b33d687dca5e51eefb98aca68c8d342f06f
  SDWebImage: 86589f0d47a7de15827640c71813e23fd428965c

PODFILE CHECKSUM: 2019b4d1236f1bc7b5541926e6f3d77bd7242eb9

COCOAPODS: 1.7.2
